// !$*UTF8*$!
{
	archiveVersion = 1;
	classes = {
	};
	objectVersion = 46;
	objects = {

/* Begin PBXBuildFile section */
		82877CDE1B98DC490045096F /* main.m in Sources */ = {isa = PBXBuildFile; fileRef = 82877CDD1B98DC490045096F /* main.m */; };
		82877CE11B98DC490045096F /* AppDelegate.m in Sources */ = {isa = PBXBuildFile; fileRef = 82877CE01B98DC490045096F /* AppDelegate.m */; };
		82877CE41B98DC490045096F /* ViewController.m in Sources */ = {isa = PBXBuildFile; fileRef = 82877CE31B98DC490045096F /* ViewController.m */; };
		82877CE71B98DC490045096F /* Main.storyboard in Resources */ = {isa = PBXBuildFile; fileRef = 82877CE51B98DC490045096F /* Main.storyboard */; };
		82877CE91B98DC4A0045096F /* Images.xcassets in Resources */ = {isa = PBXBuildFile; fileRef = 82877CE81B98DC4A0045096F /* Images.xcassets */; };
		82877CEC1B98DC4A0045096F /* LaunchScreen.xib in Resources */ = {isa = PBXBuildFile; fileRef = 82877CEA1B98DC4A0045096F /* LaunchScreen.xib */; };
		82877CF81B98DC4A0045096F /* _03StoryboradWithCellXib_iOS_ObjCTests.m in Sources */ = {isa = PBXBuildFile; fileRef = 82877CF71B98DC4A0045096F /* _03StoryboradWithCellXib_iOS_ObjCTests.m */; };
/* End PBXBuildFile section */

/* Begin PBXContainerItemProxy section */
		82877CF21B98DC4A0045096F /* PBXContainerItemProxy */ = {
			isa = PBXContainerItemProxy;
			containerPortal = 82877CD01B98DC490045096F /* Project object */;
			proxyType = 1;
			remoteGlobalIDString = 82877CD71B98DC490045096F;
			remoteInfo = 003StoryboradWithCellXib_iOS_ObjC;
		};
/* End PBXContainerItemProxy section */

/* Begin PBXFileReference section */
		82877CD81B98DC490045096F /* 003StoryboradWithCellXib_iOS_ObjC.app */ = {isa = PBXFileReference; explicitFileType = wrapper.application; includeInIndex = 0; path = 003StoryboradWithCellXib_iOS_ObjC.app; sourceTree = BUILT_PRODUCTS_DIR; };
		82877CDC1B98DC490045096F /* Info.plist */ = {isa = PBXFileReference; lastKnownFileType = text.plist.xml; path = Info.plist; sourceTree = "<group>"; };
		82877CDD1B98DC490045096F /* main.m */ = {isa = PBXFileReference; lastKnownFileType = sourcecode.c.objc; path = main.m; sourceTree = "<group>"; };
		82877CDF1B98DC490045096F /* AppDelegate.h */ = {isa = PBXFileReference; lastKnownFileType = sourcecode.c.h; path = AppDelegate.h; sourceTree = "<group>"; };
		82877CE01B98DC490045096F /* AppDelegate.m */ = {isa = PBXFileReference; lastKnownFileType = sourcecode.c.objc; path = AppDelegate.m; sourceTree = "<group>"; };
		82877CE21B98DC490045096F /* ViewController.h */ = {isa = PBXFileReference; lastKnownFileType = sourcecode.c.h; path = ViewController.h; sourceTree = "<group>"; };
		82877CE31B98DC490045096F /* ViewController.m */ = {isa = PBXFileReference; lastKnownFileType = sourcecode.c.objc; path = ViewController.m; sourceTree = "<group>"; };
		82877CE61B98DC490045096F /* Base */ = {isa = PBXFileReference; lastKnownFileType = file.storyboard; name = Base; path = Base.lproj/Main.storyboard; sourceTree = "<group>"; };
		82877CE81B98DC4A0045096F /* Images.xcassets */ = {isa = PBXFileReference; lastKnownFileType = folder.assetcatalog; path = Images.xcassets; sourceTree = "<group>"; };
		82877CEB1B98DC4A0045096F /* Base */ = {isa = PBXFileReference; lastKnownFileType = file.xib; name = Base; path = Base.lproj/LaunchScreen.xib; sourceTree = "<group>"; };
		82877CF11B98DC4A0045096F /* 003StoryboradWithCellXib_iOS_ObjCTests.xctest */ = {isa = PBXFileReference; explicitFileType = wrapper.cfbundle; includeInIndex = 0; path = 003StoryboradWithCellXib_iOS_ObjCTests.xctest; sourceTree = BUILT_PRODUCTS_DIR; };
		82877CF61B98DC4A0045096F /* Info.plist */ = {isa = PBXFileReference; lastKnownFileType = text.plist.xml; path = Info.plist; sourceTree = "<group>"; };
		82877CF71B98DC4A0045096F /* _03StoryboradWithCellXib_iOS_ObjCTests.m */ = {isa = PBXFileReference; lastKnownFileType = sourcecode.c.objc; path = _03StoryboradWithCellXib_iOS_ObjCTests.m; sourceTree = "<group>"; };
/* End PBXFileReference section */

/* Begin PBXFrameworksBuildPhase section */
		82877CD51B98DC490045096F /* Frameworks */ = {
			isa = PBXFrameworksBuildPhase;
			buildActionMask = 2147483647;
			files = (
			);
			runOnlyForDeploymentPostprocessing = 0;
		};
		82877CEE1B98DC4A0045096F /* Frameworks */ = {
			isa = PBXFrameworksBuildPhase;
			buildActionMask = 2147483647;
			files = (
			);
			runOnlyForDeploymentPostprocessing = 0;
		};
/* End PBXFrameworksBuildPhase section */

/* Begin PBXGroup section */
		82877CCF1B98DC490045096F = {
			isa = PBXGroup;
			children = (
				82877CDA1B98DC490045096F /* 003StoryboradWithCellXib_iOS_ObjC */,
				82877CF41B98DC4A0045096F /* 003StoryboradWithCellXib_iOS_ObjCTests */,
				82877CD91B98DC490045096F /* Products */,
			);
			sourceTree = "<group>";
		};
		82877CD91B98DC490045096F /* Products */ = {
			isa = PBXGroup;
			children = (
				82877CD81B98DC490045096F /* 003StoryboradWithCellXib_iOS_ObjC.app */,
				82877CF11B98DC4A0045096F /* 003StoryboradWithCellXib_iOS_ObjCTests.xctest */,
			);
			name = Products;
			sourceTree = "<group>";
		};
		82877CDA1B98DC490045096F /* 003StoryboradWithCellXib_iOS_ObjC */ = {
			isa = PBXGroup;
			children = (
				82877CDF1B98DC490045096F /* AppDelegate.h */,
				82877CE01B98DC490045096F /* AppDelegate.m */,
				82877CE21B98DC490045096F /* ViewController.h */,
				82877CE31B98DC490045096F /* ViewController.m */,
				82877CE51B98DC490045096F /* Main.storyboard */,
				82877CE81B98DC4A0045096F /* Images.xcassets */,
				82877CEA1B98DC4A0045096F /* LaunchScreen.xib */,
				82877CDB1B98DC490045096F /* Supporting Files */,
			);
			path = 003StoryboradWithCellXib_iOS_ObjC;
			sourceTree = "<group>";
		};
		82877CDB1B98DC490045096F /* Supporting Files */ = {
			isa = PBXGroup;
			children = (
				82877CDC1B98DC490045096F /* Info.plist */,
				82877CDD1B98DC490045096F /* main.m */,
			);
			name = "Supporting Files";
			sourceTree = "<group>";
		};
		82877CF41B98DC4A0045096F /* 003StoryboradWithCellXib_iOS_ObjCTests */ = {
			isa = PBXGroup;
			children = (
				82877CF71B98DC4A0045096F /* _03StoryboradWithCellXib_iOS_ObjCTests.m */,
				82877CF51B98DC4A0045096F /* Supporting Files */,
			);
			path = 003StoryboradWithCellXib_iOS_ObjCTests;
			sourceTree = "<group>";
		};
		82877CF51B98DC4A0045096F /* Supporting Files */ = {
			isa = PBXGroup;
			children = (
				82877CF61B98DC4A0045096F /* Info.plist */,
			);
			name = "Supporting Files";
			sourceTree = "<group>";
		};
/* End PBXGroup section */

/* Begin PBXNativeTarget section */
		82877CD71B98DC490045096F /* 003StoryboradWithCellXib_iOS_ObjC */ = {
			isa = PBXNativeTarget;
			buildConfigurationList = 82877CFB1B98DC4A0045096F /* Build configuration list for PBXNativeTarget "003StoryboradWithCellXib_iOS_ObjC" */;
			buildPhases = (
				82877CD41B98DC490045096F /* Sources */,
				82877CD51B98DC490045096F /* Frameworks */,
				82877CD61B98DC490045096F /* Resources */,
			);
			buildRules = (
			);
			dependencies = (
			);
			name = 003StoryboradWithCellXib_iOS_ObjC;
			productName = 003StoryboradWithCellXib_iOS_ObjC;
			productReference = 82877CD81B98DC490045096F /* 003StoryboradWithCellXib_iOS_ObjC.app */;
			productType = "com.apple.product-type.application";
		};
		82877CF01B98DC4A0045096F /* 003StoryboradWithCellXib_iOS_ObjCTests */ = {
			isa = PBXNativeTarget;
			buildConfigurationList = 82877CFE1B98DC4A0045096F /* Build configuration list for PBXNativeTarget "003StoryboradWithCellXib_iOS_ObjCTests" */;
			buildPhases = (
				82877CED1B98DC4A0045096F /* Sources */,
				82877CEE1B98DC4A0045096F /* Frameworks */,
				82877CEF1B98DC4A0045096F /* Resources */,
			);
			buildRules = (
			);
			dependencies = (
				82877CF31B98DC4A0045096F /* PBXTargetDependency */,
			);
			name = 003StoryboradWithCellXib_iOS_ObjCTests;
			productName = 003StoryboradWithCellXib_iOS_ObjCTests;
			productReference = 82877CF11B98DC4A0045096F /* 003StoryboradWithCellXib_iOS_ObjCTests.xctest */;
			productType = "com.apple.product-type.bundle.unit-test";
		};
/* End PBXNativeTarget section */

/* Begin PBXProject section */
		82877CD01B98DC490045096F /* Project object */ = {
			isa = PBXProject;
			attributes = {
				LastUpgradeCheck = 0640;
				ORGANIZATIONNAME = MELI;
				TargetAttributes = {
					82877CD71B98DC490045096F = {
						CreatedOnToolsVersion = 6.4;
					};
					82877CF01B98DC4A0045096F = {
						CreatedOnToolsVersion = 6.4;
						TestTargetID = 82877CD71B98DC490045096F;
					};
				};
			};
			buildConfigurationList = 82877CD31B98DC490045096F /* Build configuration list for PBXProject "003StoryboradWithCellXib_iOS_ObjC" */;
			compatibilityVersion = "Xcode 3.2";
			developmentRegion = English;
			hasScannedForEncodings = 0;
			knownRegions = (
				en,
				Base,
			);
			mainGroup = 82877CCF1B98DC490045096F;
			productRefGroup = 82877CD91B98DC490045096F /* Products */;
			projectDirPath = "";
			projectRoot = "";
			targets = (
				82877CD71B98DC490045096F /* 003StoryboradWithCellXib_iOS_ObjC */,
				82877CF01B98DC4A0045096F /* 003StoryboradWithCellXib_iOS_ObjCTests */,
			);
		};
/* End PBXProject section */

/* Begin PBXResourcesBuildPhase section */
		82877CD61B98DC490045096F /* Resources */ = {
			isa = PBXResourcesBuildPhase;
			buildActionMask = 2147483647;
			files = (
				82877CE71B98DC490045096F /* Main.storyboard in Resources */,
				82877CEC1B98DC4A0045096F /* LaunchScreen.xib in Resources */,
				82877CE91B98DC4A0045096F /* Images.xcassets in Resources */,
			);
			runOnlyForDeploymentPostprocessing = 0;
		};
		82877CEF1B98DC4A0045096F /* Resources */ = {
			isa = PBXResourcesBuildPhase;
			buildActionMask = 2147483647;
			files = (
			);
			runOnlyForDeploymentPostprocessing = 0;
		};
/* End PBXResourcesBuildPhase section */

/* Begin PBXSourcesBuildPhase section */
		82877CD41B98DC490045096F /* Sources */ = {
			isa = PBXSourcesBuildPhase;
			buildActionMask = 2147483647;
			files = (
				82877CE41B98DC490045096F /* ViewController.m in Sources */,
				82877CE11B98DC490045096F /* AppDelegate.m in Sources */,
				82877CDE1B98DC490045096F /* main.m in Sources */,
			);
			runOnlyForDeploymentPostprocessing = 0;
		};
		82877CED1B98DC4A0045096F /* Sources */ = {
			isa = PBXSourcesBuildPhase;
			buildActionMask = 2147483647;
			files = (
				82877CF81B98DC4A0045096F /* _03StoryboradWithCellXib_iOS_ObjCTests.m in Sources */,
			);
			runOnlyForDeploymentPostprocessing = 0;
		};
/* End PBXSourcesBuildPhase section */

/* Begin PBXTargetDependency section */
		82877CF31B98DC4A0045096F /* PBXTargetDependency */ = {
			isa = PBXTargetDependency;
			target = 82877CD71B98DC490045096F /* 003StoryboradWithCellXib_iOS_ObjC */;
			targetProxy = 82877CF21B98DC4A0045096F /* PBXContainerItemProxy */;
		};
/* End PBXTargetDependency section */

/* Begin PBXVariantGroup section */
		82877CE51B98DC490045096F /* Main.storyboard */ = {
			isa = PBXVariantGroup;
			children = (
				82877CE61B98DC490045096F /* Base */,
			);
			name = Main.storyboard;
			sourceTree = "<group>";
		};
		82877CEA1B98DC4A0045096F /* LaunchScreen.xib */ = {
			isa = PBXVariantGroup;
			children = (
				82877CEB1B98DC4A0045096F /* Base */,
			);
			name = LaunchScreen.xib;
			sourceTree = "<group>";
		};
/* End PBXVariantGroup section */

/* Begin XCBuildConfiguration section */
		82877CF91B98DC4A0045096F /* Debug */ = {
			isa = XCBuildConfiguration;
			buildSettings = {
				ALWAYS_SEARCH_USER_PATHS = NO;
				CLANG_CXX_LANGUAGE_STANDARD = "gnu++0x";
				CLANG_CXX_LIBRARY = "libc++";
				CLANG_ENABLE_MODULES = YES;
				CLANG_ENABLE_OBJC_ARC = YES;
				CLANG_WARN_BOOL_CONVERSION = YES;
				CLANG_WARN_CONSTANT_CONVERSION = YES;
				CLANG_WARN_DIRECT_OBJC_ISA_USAGE = YES_ERROR;
				CLANG_WARN_EMPTY_BODY = YES;
				CLANG_WARN_ENUM_CONVERSION = YES;
				CLANG_WARN_INT_CONVERSION = YES;
				CLANG_WARN_OBJC_ROOT_CLASS = YES_ERROR;
				CLANG_WARN_UNREACHABLE_CODE = YES;
				CLANG_WARN__DUPLICATE_METHOD_MATCH = YES;
				"CODE_SIGN_IDENTITY[sdk=iphoneos*]" = "iPhone Developer";
				COPY_PHASE_STRIP = NO;
				DEBUG_INFORMATION_FORMAT = "dwarf-with-dsym";
				ENABLE_STRICT_OBJC_MSGSEND = YES;
				GCC_C_LANGUAGE_STANDARD = gnu99;
				GCC_DYNAMIC_NO_PIC = NO;
				GCC_NO_COMMON_BLOCKS = YES;
				GCC_OPTIMIZATION_LEVEL = 0;
				GCC_PREPROCESSOR_DEFINITIONS = (
					"DEBUG=1",
					"$(inherited)",
				);
				GCC_SYMBOLS_PRIVATE_EXTERN = NO;
				GCC_WARN_64_TO_32_BIT_CONVERSION = YES;
				GCC_WARN_ABOUT_RETURN_TYPE = YES_ERROR;
				GCC_WARN_UNDECLARED_SELECTOR = YES;
				GCC_WARN_UNINITIALIZED_AUTOS = YES_AGGRESSIVE;
				GCC_WARN_UNUSED_FUNCTION = YES;
				GCC_WARN_UNUSED_VARIABLE = YES;
				IPHONEOS_DEPLOYMENT_TARGET = 8.4;
				MTL_ENABLE_DEBUG_INFO = YES;
				ONLY_ACTIVE_ARCH = YES;
				SDKROOT = iphoneos;
			};
			name = Debug;
		};
		82877CFA1B98DC4A0045096F /* Release */ = {
			isa = XCBuildConfiguration;
			buildSettings = {
				ALWAYS_SEARCH_USER_PATHS = NO;
				CLANG_CXX_LANGUAGE_STANDARD = "gnu++0x";
				CLANG_CXX_LIBRARY = "libc++";
				CLANG_ENABLE_MODULES = YES;
				CLANG_ENABLE_OBJC_ARC = YES;
				CLANG_WARN_BOOL_CONVERSION = YES;
				CLANG_WARN_CONSTANT_CONVERSION = YES;
				CLANG_WARN_DIRECT_OBJC_ISA_USAGE = YES_ERROR;
				CLANG_WARN_EMPTY_BODY = YES;
				CLANG_WARN_ENUM_CONVERSION = YES;
				CLANG_WARN_INT_CONVERSION = YES;
				CLANG_WARN_OBJC_ROOT_CLASS = YES_ERROR;
				CLANG_WARN_UNREACHABLE_CODE = YES;
				CLANG_WARN__DUPLICATE_METHOD_MATCH = YES;
				"CODE_SIGN_IDENTITY[sdk=iphoneos*]" = "iPhone Developer";
				COPY_PHASE_STRIP = NO;
				DEBUG_INFORMATION_FORMAT = "dwarf-with-dsym";
				ENABLE_NS_ASSERTIONS = NO;
				ENABLE_STRICT_OBJC_MSGSEND = YES;
				GCC_C_LANGUAGE_STANDARD = gnu99;
				GCC_NO_COMMON_BLOCKS = YES;
				GCC_WARN_64_TO_32_BIT_CONVERSION = YES;
				GCC_WARN_ABOUT_RETURN_TYPE = YES_ERROR;
				GCC_WARN_UNDECLARED_SELECTOR = YES;
				GCC_WARN_UNINITIALIZED_AUTOS = YES_AGGRESSIVE;
				GCC_WARN_UNUSED_FUNCTION = YES;
				GCC_WARN_UNUSED_VARIABLE = YES;
				IPHONEOS_DEPLOYMENT_TARGET = 8.4;
				MTL_ENABLE_DEBUG_INFO = NO;
				SDKROOT = iphoneos;
				VALIDATE_PRODUCT = YES;
			};
			name = Release;
		};
		82877CFC1B98DC4A0045096F /* Debug */ = {
			isa = XCBuildConfiguration;
			buildSettings = {
				ASSETCATALOG_COMPILER_APPICON_NAME = AppIcon;
				INFOPLIST_FILE = 003StoryboradWithCellXib_iOS_ObjC/Info.plist;
				LD_RUNPATH_SEARCH_PATHS = "$(inherited) @executable_path/Frameworks";
				PRODUCT_NAME = "$(TARGET_NAME)";
			};
			name = Debug;
		};
		82877CFD1B98DC4A0045096F /* Release */ = {
			isa = XCBuildConfiguration;
			buildSettings = {
				ASSETCATALOG_COMPILER_APPICON_NAME = AppIcon;
				INFOPLIST_FILE = 003StoryboradWithCellXib_iOS_ObjC/Info.plist;
				LD_RUNPATH_SEARCH_PATHS = "$(inherited) @executable_path/Frameworks";
				PRODUCT_NAME = "$(TARGET_NAME)";
			};
			name = Release;
		};
		82877CFF1B98DC4A0045096F /* Debug */ = {
			isa = XCBuildConfiguration;
			buildSettings = {
				BUNDLE_LOADER = "$(TEST_HOST)";
				FRAMEWORK_SEARCH_PATHS = (
					"$(SDKROOT)/Developer/Library/Frameworks",
					"$(inherited)",
				);
				GCC_PREPROCESSOR_DEFINITIONS = (
					"DEBUG=1",
					"$(inherited)",
				);
				INFOPLIST_FILE = 003StoryboradWithCellXib_iOS_ObjCTests/Info.plist;
				LD_RUNPATH_SEARCH_PATHS = "$(inherited) @executable_path/Frameworks @loader_path/Frameworks";
				PRODUCT_NAME = "$(TARGET_NAME)";
				TEST_HOST = "$(BUILT_PRODUCTS_DIR)/003StoryboradWithCellXib_iOS_ObjC.app/003StoryboradWithCellXib_iOS_ObjC";
			};
			name = Debug;
		};
		82877D001B98DC4A0045096F /* Release */ = {
			isa = XCBuildConfiguration;
			buildSettings = {
				BUNDLE_LOADER = "$(TEST_HOST)";
				FRAMEWORK_SEARCH_PATHS = (
					"$(SDKROOT)/Developer/Library/Frameworks",
					"$(inherited)",
				);
				INFOPLIST_FILE = 003StoryboradWithCellXib_iOS_ObjCTests/Info.plist;
				LD_RUNPATH_SEARCH_PATHS = "$(inherited) @executable_path/Frameworks @loader_path/Frameworks";
				PRODUCT_NAME = "$(TARGET_NAME)";
				TEST_HOST = "$(BUILT_PRODUCTS_DIR)/003StoryboradWithCellXib_iOS_ObjC.app/003StoryboradWithCellXib_iOS_ObjC";
			};
			name = Release;
		};
/* End XCBuildConfiguration section */

/* Begin XCConfigurationList section */
		82877CD31B98DC490045096F /* Build configuration list for PBXProject "003StoryboradWithCellXib_iOS_ObjC" */ = {
			isa = XCConfigurationList;
			buildConfigurations = (
				82877CF91B98DC4A0045096F /* Debug */,
				82877CFA1B98DC4A0045096F /* Release */,
			);
			defaultConfigurationIsVisible = 0;
			defaultConfigurationName = Release;
		};
		82877CFB1B98DC4A0045096F /* Build configuration list for PBXNativeTarget "003StoryboradWithCellXib_iOS_ObjC" */ = {
			isa = XCConfigurationList;
			buildConfigurations = (
				82877CFC1B98DC4A0045096F /* Debug */,
				82877CFD1B98DC4A0045096F /* Release */,
			);
			defaultConfigurationIsVisible = 0;
		};
		82877CFE1B98DC4A0045096F /* Build configuration list for PBXNativeTarget "003StoryboradWithCellXib_iOS_ObjCTests" */ = {
			isa = XCConfigurationList;
			buildConfigurations = (
				82877CFF1B98DC4A0045096F /* Debug */,
				82877D001B98DC4A0045096F /* Release */,
			);
			defaultConfigurationIsVisible = 0;
		};
/* End XCConfigurationList section */
	};
	rootObject = 82877CD01B98DC490045096F /* Project object */;
}
